
Microsoft Visual Studio Solution File, Format Version 12.00
# Visual Studio 15
VisualStudioVersion = 15.0.28307.572
MinimumVisualStudioVersion = 10.0.40219.1
Project("{FAE04EC0-301F-11D3-BF4B-00C04F79EFBC}") = "OnlineBookingSystem", "OnlineBookingSystem\OnlineBookingSystem.csproj", "{D925DD9F-F167-4957-B6C6-B122E8E61152}"
EndProject
Project("{FAE04EC0-301F-11D3-BF4B-00C04F79EFBC}") = "OBS.Test", "OBS.Test\OBS.Test.csproj", "{195D53E2-812D-4ACB-BEAD-6A8FB69B55D2}"
EndProject
Global
	GlobalSection(SolutionConfigurationPlatforms) = preSolution
		Debug|Any CPU = Debug|Any CPU
		Release|Any CPU = Release|Any CPU
	EndGlobalSection
	GlobalSection(ProjectConfigurationPlatforms) = postSolution
		{D925DD9F-F167-4957-B6C6-B122E8E61152}.Debug|Any CPU.ActiveCfg = Debug|Any CPU
		{D925DD9F-F167-4957-B6C6-B122E8E61152}.Debug|Any CPU.Build.0 = Debug|Any CPU
		{D925DD9F-F167-4957-B6C6-B122E8E61152}.Release|Any CPU.ActiveCfg = Release|Any CPU
		{D925DD9F-F167-4957-B6C6-B122E8E61152}.Release|Any CPU.Build.0 = Release|Any CPU
		{195D53E2-812D-4ACB-BEAD-6A8FB69B55D2}.Debug|Any CPU.ActiveCfg = Debug|Any CPU
		{195D53E2-812D-4ACB-BEAD-6A8FB69B55D2}.Debug|Any CPU.Build.0 = Debug|Any CPU
		{195D53E2-812D-4ACB-BEAD-6A8FB69B55D2}.Release|Any CPU.ActiveCfg = Release|Any CPU
		{195D53E2-812D-4ACB-BEAD-6A8FB69B55D2}.Release|Any CPU.Build.0 = Release|Any CPU
	EndGlobalSection
	GlobalSection(SolutionProperties) = preSolution
		HideSolutionNode = FALSE
	EndGlobalSection
	GlobalSection(ExtensibilityGlobals) = postSolution
		SolutionGuid = {C16DC5B0-BF6D-4D9A-8AFA-3D6040A9BEBF}
	EndGlobalSection
EndGlobal
